
Microsoft Visual Studio Solution File, Format Version 12.00
# Visual Studio Version 17
VisualStudioVersion = 17.8.34330.188
MinimumVisualStudioVersion = 10.0.40219.1
Project("{888888A0-9F3D-457C-B088-3A5042F75D52}") = "CIS100 Course Project", "CIS100 Course Project.pyproj", "{AD5BA61B-FA52-451A-9109-8A5CCD9F9A89}"
EndProject
Global
	GlobalSection(SolutionConfigurationPlatforms) = preSolution
		Debug|Any CPU = Debug|Any CPU
		Release|Any CPU = Release|Any CPU
	EndGlobalSection
	GlobalSection(ProjectConfigurationPlatforms) = postSolution
		{AD5BA61B-FA52-451A-9109-8A5CCD9F9A89}.Debug|Any CPU.ActiveCfg = Debug|Any CPU
		{AD5BA61B-FA52-451A-9109-8A5CCD9F9A89}.Release|Any CPU.ActiveCfg = Release|Any CPU
	EndGlobalSection
	GlobalSection(SolutionProperties) = preSolution
		HideSolutionNode = FALSE
	EndGlobalSection
	GlobalSection(ExtensibilityGlobals) = postSolution
		SolutionGuid = {B11FD090-F7C8-41F5-B84F-4033CA590CAE}
	EndGlobalSection
EndGlobal
